<?xml version="1.0" encoding="utf-8"?>
<Project ToolsVersion="4.0" xmlns="http://schemas.microsoft.com/developer/msbuild/2003">
  <ItemGroup>
    <Filter Include="Source Files">
      <UniqueIdentifier>{4FC737F1-C7A5-4376-A066-2A32D752A2FF}</UniqueIdentifier>
      <Extensions>cpp;c;cc;cxx;def;odl;idl;hpj;bat;asm;asmx</Extensions>
    </Filter>
    <Filter Include="Header Files">
      <UniqueIdentifier>{93995380-89BD-4b04-88EB-625FBE52EBFB}</UniqueIdentifier>
      <Extensions>h;hh;hpp;hxx;hm;inl;inc;xsd</Extensions>
    </Filter>
    <Filter Include="Resource Files">
      <UniqueIdentifier>{67DA6AB6-F800-4c08-8B7A-83BB121AAD01}</UniqueIdentifier>
      <Extensions>rc;ico;cur;bmp;dlg;rc2;rct;bin;rgs;gif;jpg;jpeg;jpe;resx;tiff;tif;png;wav;mfcribbon-ms</Extensions>
    </Filter>
    <Filter Include="Header Files\Data Structures">
      <UniqueIdentifier>{6896384c-8c01-4240-bc86-4df9735658e6}</UniqueIdentifier>
    </Filter>
    <Filter Include="Header Files\Algorithms">
      <UniqueIdentifier>{95cb1d6a-1d2d-4e56-8f94-c55e7be6b59e}</UniqueIdentifier>
    </Filter>
  </ItemGroup>
  <ItemGroup>
    <ClCompile Include="main.cpp">
      <Filter>Source Files</Filter>
    </ClCompile>
    <ClCompile Include="Sprite.cpp">
      <Filter>Source Files</Filter>
    </ClCompile>
    <ClCompile Include="TiledSprite.cpp">
      <Filter>Source Files</Filter>
    </ClCompile>
    <ClCompile Include="TiledMap.cpp">
      <Filter>Source Files</Filter>
    </ClCompile>
    <ClCompile Include="Application.cpp">
      <Filter>Source Files</Filter>
    </ClCompile>
    <ClCompile Include="GamePlay.cpp">
      <Filter>Source Files</Filter>
    </ClCompile>
    <ClCompile Include="Character.cpp">
      <Filter>Source Files</Filter>
    </ClCompile>
    <ClCompile Include="Enemy.cpp">
      <Filter>Source Files</Filter>
    </ClCompile>
    <ClCompile Include="MapGraph.cpp">
      <Filter>Source Files</Filter>
    </ClCompile>
  </ItemGroup>
  <ItemGroup>
    <ClInclude Include="Array.h">
      <Filter>Header Files\Data Structures</Filter>
    </ClInclude>
    <ClInclude Include="BinaryHeap.h">
      <Filter>Header Files\Data Structures</Filter>
    </ClInclude>
    <ClInclude Include="Exceptions.h">
      <Filter>Header Files\Data Structures</Filter>
    </ClInclude>
    <ClInclude Include="Graph.h">
      <Filter>Header Files\Data Structures</Filter>
    </ClInclude>
    <ClInclude Include="HashMap.h">
      <Filter>Header Files\Data Structures</Filter>
    </ClInclude>
    <ClInclude Include="PriorityQueue.h">
      <Filter>Header Files\Data Structures</Filter>
    </ClInclude>
    <ClInclude Include="Queue.h">
      <Filter>Header Files\Data Structures</Filter>
    </ClInclude>
    <ClInclude Include="Dijkstra.h">
      <Filter>Header Files\Algorithms</Filter>
    </ClInclude>
    <ClInclude Include="Sprite.h">
      <Filter>Header Files</Filter>
    </ClInclude>
    <ClInclude Include="TiledSprite.h">
      <Filter>Header Files</Filter>
    </ClInclude>
    <ClInclude Include="TiledMap.h">
      <Filter>Header Files</Filter>
    </ClInclude>
    <ClInclude Include="Application.h">
      <Filter>Header Files</Filter>
    </ClInclude>
    <ClInclude Include="GamePlay.h">
      <Filter>Header Files</Filter>
    </ClInclude>
    <ClInclude Include="Character.h">
      <Filter>Header Files</Filter>
    </ClInclude>
    <ClInclude Include="Constants.h">
      <Filter>Header Files</Filter>
    </ClInclude>
    <ClInclude Include="Enemy.h">
      <Filter>Header Files</Filter>
    </ClInclude>
    <ClInclude Include="MapGraph.h">
      <Filter>Header Files</Filter>
    </ClInclude>
  </ItemGroup>
</Project>